// !$*UTF8*$!
{
	archiveVersion = 1;
	classes = {
	};
	objectVersion = 56;
	objects = {

/* Begin PBXBuildFile section */
		95C308362AA76663009BC7FF /* LDAPContact.swift in Sources */ = {isa = PBXBuildFile; fileRef = 95C308352AA76663009BC7FF /* LDAPContact.swift */; };
		95C308382AA76753009BC7FF /* LDAPContactLoader.swift in Sources */ = {isa = PBXBuildFile; fileRef = 95C308372AA76753009BC7FF /* LDAPContactLoader.swift */; };
		95FABED12AA741A6007EAD2C /* iOSPerfectLDAP.h in Headers */ = {isa = PBXBuildFile; fileRef = 95FABED02AA741A6007EAD2C /* iOSPerfectLDAP.h */; settings = {ATTRIBUTES = (Public, ); }; };
		95FABEE02AA74217007EAD2C /* Utilities.swift in Sources */ = {isa = PBXBuildFile; fileRef = 95FABEDF2AA74217007EAD2C /* Utilities.swift */; };
		95FABEE32AA7422F007EAD2C /* PerfectLDAP.swift in Sources */ = {isa = PBXBuildFile; fileRef = 95FABEE12AA7422F007EAD2C /* PerfectLDAP.swift */; };
		95FABEE42AA7422F007EAD2C /* PerfectICONV.swift in Sources */ = {isa = PBXBuildFile; fileRef = 95FABEE22AA7422F007EAD2C /* PerfectICONV.swift */; };
		95FABEE92AA74652007EAD2C /* libiconv.tbd in Frameworks */ = {isa = PBXBuildFile; fileRef = 95FABEE82AA74651007EAD2C /* libiconv.tbd */; };
/* End PBXBuildFile section */

/* Begin PBXCopyFilesBuildPhase section */
		959C7E4D2AA8E2D700B51EA3 /* Embed Frameworks */ = {
			isa = PBXCopyFilesBuildPhase;
			buildActionMask = 2147483647;
			dstPath = "";
			dstSubfolderSpec = 10;
			files = (
			);
			name = "Embed Frameworks";
			runOnlyForDeploymentPostprocessing = 0;
		};
/* End PBXCopyFilesBuildPhase section */

/* Begin PBXFileReference section */
		952A3E942AA89E1E00C76561 /* ICONVApi.framework */ = {isa = PBXFileReference; explicitFileType = wrapper.framework; path = ICONVApi.framework; sourceTree = BUILT_PRODUCTS_DIR; };
		952A3E952AA89E1E00C76561 /* SASL.framework */ = {isa = PBXFileReference; explicitFileType = wrapper.framework; path = SASL.framework; sourceTree = BUILT_PRODUCTS_DIR; };
		95C308352AA76663009BC7FF /* LDAPContact.swift */ = {isa = PBXFileReference; lastKnownFileType = sourcecode.swift; path = LDAPContact.swift; sourceTree = "<group>"; };
		95C308372AA76753009BC7FF /* LDAPContactLoader.swift */ = {isa = PBXFileReference; lastKnownFileType = sourcecode.swift; path = LDAPContactLoader.swift; sourceTree = "<group>"; };
		95C3087A2AA7712E009BC7FF /* OpenLDAP.framework */ = {isa = PBXFileReference; explicitFileType = wrapper.framework; path = OpenLDAP.framework; sourceTree = BUILT_PRODUCTS_DIR; };
		95FABECD2AA741A6007EAD2C /* BFLDAP.framework */ = {isa = PBXFileReference; explicitFileType = wrapper.framework; includeInIndex = 0; path = BFLDAP.framework; sourceTree = BUILT_PRODUCTS_DIR; };
		95FABED02AA741A6007EAD2C /* iOSPerfectLDAP.h */ = {isa = PBXFileReference; lastKnownFileType = sourcecode.c.h; path = iOSPerfectLDAP.h; sourceTree = "<group>"; };
		95FABEDF2AA74217007EAD2C /* Utilities.swift */ = {isa = PBXFileReference; fileEncoding = 4; lastKnownFileType = sourcecode.swift; path = Utilities.swift; sourceTree = "<group>"; };
		95FABEE12AA7422F007EAD2C /* PerfectLDAP.swift */ = {isa = PBXFileReference; fileEncoding = 4; lastKnownFileType = sourcecode.swift; path = PerfectLDAP.swift; sourceTree = "<group>"; };
		95FABEE22AA7422F007EAD2C /* PerfectICONV.swift */ = {isa = PBXFileReference; fileEncoding = 4; lastKnownFileType = sourcecode.swift; path = PerfectICONV.swift; sourceTree = "<group>"; };
		95FABEE82AA74651007EAD2C /* libiconv.tbd */ = {isa = PBXFileReference; lastKnownFileType = "sourcecode.text-based-dylib-definition"; name = libiconv.tbd; path = Platforms/MacOSX.platform/Developer/SDKs/MacOSX13.1.sdk/usr/lib/libiconv.tbd; sourceTree = DEVELOPER_DIR; };
/* End PBXFileReference section */

/* Begin PBXFrameworksBuildPhase section */
		95FABECA2AA741A6007EAD2C /* Frameworks */ = {
			isa = PBXFrameworksBuildPhase;
			buildActionMask = 2147483647;
			files = (
				95FABEE92AA74652007EAD2C /* libiconv.tbd in Frameworks */,
			);
			runOnlyForDeploymentPostprocessing = 0;
		};
/* End PBXFrameworksBuildPhase section */

/* Begin PBXGroup section */
		95FABEC32AA741A6007EAD2C = {
			isa = PBXGroup;
			children = (
				95FABECF2AA741A6007EAD2C /* BFLDAP */,
				95FABECE2AA741A6007EAD2C /* Products */,
				95FABEE72AA74651007EAD2C /* Frameworks */,
			);
			sourceTree = "<group>";
		};
		95FABECE2AA741A6007EAD2C /* Products */ = {
			isa = PBXGroup;
			children = (
				95FABECD2AA741A6007EAD2C /* BFLDAP.framework */,
			);
			name = Products;
			sourceTree = "<group>";
		};
		95FABECF2AA741A6007EAD2C /* BFLDAP */ = {
			isa = PBXGroup;
			children = (
				95FABEDE2AA741E3007EAD2C /* src */,
				95FABED02AA741A6007EAD2C /* iOSPerfectLDAP.h */,
			);
			path = BFLDAP;
			sourceTree = "<group>";
		};
		95FABEDE2AA741E3007EAD2C /* src */ = {
			isa = PBXGroup;
			children = (
				95FABEE22AA7422F007EAD2C /* PerfectICONV.swift */,
				95FABEE12AA7422F007EAD2C /* PerfectLDAP.swift */,
				95FABEDF2AA74217007EAD2C /* Utilities.swift */,
				95C308352AA76663009BC7FF /* LDAPContact.swift */,
				95C308372AA76753009BC7FF /* LDAPContactLoader.swift */,
			);
			path = src;
			sourceTree = "<group>";
		};
		95FABEE72AA74651007EAD2C /* Frameworks */ = {
			isa = PBXGroup;
			children = (
				952A3E942AA89E1E00C76561 /* ICONVApi.framework */,
				952A3E952AA89E1E00C76561 /* SASL.framework */,
				95C3087A2AA7712E009BC7FF /* OpenLDAP.framework */,
				95FABEE82AA74651007EAD2C /* libiconv.tbd */,
			);
			name = Frameworks;
			sourceTree = "<group>";
		};
/* End PBXGroup section */

/* Begin PBXHeadersBuildPhase section */
		95FABEC82AA741A6007EAD2C /* Headers */ = {
			isa = PBXHeadersBuildPhase;
			buildActionMask = 2147483647;
			files = (
				95FABED12AA741A6007EAD2C /* iOSPerfectLDAP.h in Headers */,
			);
			runOnlyForDeploymentPostprocessing = 0;
		};
/* End PBXHeadersBuildPhase section */

/* Begin PBXNativeTarget section */
		95FABECC2AA741A6007EAD2C /* BFLDAP */ = {
			isa = PBXNativeTarget;
			buildConfigurationList = 95FABED42AA741A6007EAD2C /* Build configuration list for PBXNativeTarget "BFLDAP" */;
			buildPhases = (
				95FABEC82AA741A6007EAD2C /* Headers */,
				95FABEC92AA741A6007EAD2C /* Sources */,
				95FABECA2AA741A6007EAD2C /* Frameworks */,
				95FABECB2AA741A6007EAD2C /* Resources */,
				959C7E4D2AA8E2D700B51EA3 /* Embed Frameworks */,
			);
			buildRules = (
			);
			dependencies = (
			);
			name = BFLDAP;
			productName = iOSPerfectLDAP;
			productReference = 95FABECD2AA741A6007EAD2C /* BFLDAP.framework */;
			productType = "com.apple.product-type.framework";
		};
/* End PBXNativeTarget section */

/* Begin PBXProject section */
		95FABEC42AA741A6007EAD2C /* Project object */ = {
			isa = PBXProject;
			attributes = {
				BuildIndependentTargetsInParallel = 1;
				LastUpgradeCheck = 1420;
				TargetAttributes = {
					95FABECC2AA741A6007EAD2C = {
						CreatedOnToolsVersion = 14.2;
						LastSwiftMigration = 1420;
					};
				};
			};
			buildConfigurationList = 95FABEC72AA741A6007EAD2C /* Build configuration list for PBXProject "BFLDAP" */;
			compatibilityVersion = "Xcode 14.0";
			developmentRegion = en;
			hasScannedForEncodings = 0;
			knownRegions = (
				en,
				Base,
			);
			mainGroup = 95FABEC32AA741A6007EAD2C;
			productRefGroup = 95FABECE2AA741A6007EAD2C /* Products */;
			projectDirPath = "";
			projectRoot = "";
			targets = (
				95FABECC2AA741A6007EAD2C /* BFLDAP */,
			);
		};
/* End PBXProject section */

/* Begin PBXResourcesBuildPhase section */
		95FABECB2AA741A6007EAD2C /* Resources */ = {
			isa = PBXResourcesBuildPhase;
			buildActionMask = 2147483647;
			files = (
			);
			runOnlyForDeploymentPostprocessing = 0;
		};
/* End PBXResourcesBuildPhase section */

/* Begin PBXSourcesBuildPhase section */
		95FABEC92AA741A6007EAD2C /* Sources */ = {
			isa = PBXSourcesBuildPhase;
			buildActionMask = 2147483647;
			files = (
				95FABEE42AA7422F007EAD2C /* PerfectICONV.swift in Sources */,
				95C308362AA76663009BC7FF /* LDAPContact.swift in Sources */,
				95C308382AA76753009BC7FF /* LDAPContactLoader.swift in Sources */,
				95FABEE32AA7422F007EAD2C /* PerfectLDAP.swift in Sources */,
				95FABEE02AA74217007EAD2C /* Utilities.swift in Sources */,
			);
			runOnlyForDeploymentPostprocessing = 0;
		};
/* End PBXSourcesBuildPhase section */

/* Begin XCBuildConfiguration section */
		95FABED22AA741A6007EAD2C /* Debug */ = {
			isa = XCBuildConfiguration;
			buildSettings = {
				ALWAYS_SEARCH_USER_PATHS = NO;
				CLANG_ANALYZER_NONNULL = YES;
				CLANG_ANALYZER_NUMBER_OBJECT_CONVERSION = YES_AGGRESSIVE;
				CLANG_CXX_LANGUAGE_STANDARD = "gnu++20";
				CLANG_ENABLE_MODULES = YES;
				CLANG_ENABLE_OBJC_ARC = YES;
				CLANG_ENABLE_OBJC_WEAK = YES;
				CLANG_WARN_BLOCK_CAPTURE_AUTORELEASING = YES;
				CLANG_WARN_BOOL_CONVERSION = YES;
				CLANG_WARN_COMMA = YES;
				CLANG_WARN_CONSTANT_CONVERSION = YES;
				CLANG_WARN_DEPRECATED_OBJC_IMPLEMENTATIONS = YES;
				CLANG_WARN_DIRECT_OBJC_ISA_USAGE = YES_ERROR;
				CLANG_WARN_DOCUMENTATION_COMMENTS = YES;
				CLANG_WARN_EMPTY_BODY = YES;
				CLANG_WARN_ENUM_CONVERSION = YES;
				CLANG_WARN_INFINITE_RECURSION = YES;
				CLANG_WARN_INT_CONVERSION = YES;
				CLANG_WARN_NON_LITERAL_NULL_CONVERSION = YES;
				CLANG_WARN_OBJC_IMPLICIT_RETAIN_SELF = YES;
				CLANG_WARN_OBJC_LITERAL_CONVERSION = YES;
				CLANG_WARN_OBJC_ROOT_CLASS = YES_ERROR;
				CLANG_WARN_QUOTED_INCLUDE_IN_FRAMEWORK_HEADER = YES;
				CLANG_WARN_RANGE_LOOP_ANALYSIS = YES;
				CLANG_WARN_STRICT_PROTOTYPES = YES;
				CLANG_WARN_SUSPICIOUS_MOVE = YES;
				CLANG_WARN_UNGUARDED_AVAILABILITY = YES_AGGRESSIVE;
				CLANG_WARN_UNREACHABLE_CODE = YES;
				CLANG_WARN__DUPLICATE_METHOD_MATCH = YES;
				COPY_PHASE_STRIP = NO;
				CURRENT_PROJECT_VERSION = 1;
				DEBUG_INFORMATION_FORMAT = dwarf;
				ENABLE_STRICT_OBJC_MSGSEND = YES;
				ENABLE_TESTABILITY = YES;
				GCC_C_LANGUAGE_STANDARD = gnu11;
				GCC_DYNAMIC_NO_PIC = NO;
				GCC_NO_COMMON_BLOCKS = YES;
				GCC_OPTIMIZATION_LEVEL = 0;
				GCC_PREPROCESSOR_DEFINITIONS = (
					"DEBUG=1",
					"$(inherited)",
				);
				GCC_WARN_64_TO_32_BIT_CONVERSION = YES;
				GCC_WARN_ABOUT_RETURN_TYPE = YES_ERROR;
				GCC_WARN_UNDECLARED_SELECTOR = YES;
				GCC_WARN_UNINITIALIZED_AUTOS = YES_AGGRESSIVE;
				GCC_WARN_UNUSED_FUNCTION = YES;
				GCC_WARN_UNUSED_VARIABLE = YES;
				HEADER_SEARCH_PATHS = "$(PROJECT_DIR)/BFLDAP/libs/**";
				IPHONEOS_DEPLOYMENT_TARGET = 16.2;
				MTL_ENABLE_DEBUG_INFO = INCLUDE_SOURCE;
				MTL_FAST_MATH = YES;
				ONLY_ACTIVE_ARCH = YES;
				SDKROOT = iphoneos;
				SWIFT_ACTIVE_COMPILATION_CONDITIONS = DEBUG;
				SWIFT_OPTIMIZATION_LEVEL = "-Onone";
				VERSIONING_SYSTEM = "apple-generic";
				VERSION_INFO_PREFIX = "";
			};
			name = Debug;
		};
		95FABED32AA741A6007EAD2C /* Release */ = {
			isa = XCBuildConfiguration;
			buildSettings = {
				ALWAYS_SEARCH_USER_PATHS = NO;
				CLANG_ANALYZER_NONNULL = YES;
				CLANG_ANALYZER_NUMBER_OBJECT_CONVERSION = YES_AGGRESSIVE;
				CLANG_CXX_LANGUAGE_STANDARD = "gnu++20";
				CLANG_ENABLE_MODULES = YES;
				CLANG_ENABLE_OBJC_ARC = YES;
				CLANG_ENABLE_OBJC_WEAK = YES;
				CLANG_WARN_BLOCK_CAPTURE_AUTORELEASING = YES;
				CLANG_WARN_BOOL_CONVERSION = YES;
				CLANG_WARN_COMMA = YES;
				CLANG_WARN_CONSTANT_CONVERSION = YES;
				CLANG_WARN_DEPRECATED_OBJC_IMPLEMENTATIONS = YES;
				CLANG_WARN_DIRECT_OBJC_ISA_USAGE = YES_ERROR;
				CLANG_WARN_DOCUMENTATION_COMMENTS = YES;
				CLANG_WARN_EMPTY_BODY = YES;
				CLANG_WARN_ENUM_CONVERSION = YES;
				CLANG_WARN_INFINITE_RECURSION = YES;
				CLANG_WARN_INT_CONVERSION = YES;
				CLANG_WARN_NON_LITERAL_NULL_CONVERSION = YES;
				CLANG_WARN_OBJC_IMPLICIT_RETAIN_SELF = YES;
				CLANG_WARN_OBJC_LITERAL_CONVERSION = YES;
				CLANG_WARN_OBJC_ROOT_CLASS = YES_ERROR;
				CLANG_WARN_QUOTED_INCLUDE_IN_FRAMEWORK_HEADER = YES;
				CLANG_WARN_RANGE_LOOP_ANALYSIS = YES;
				CLANG_WARN_STRICT_PROTOTYPES = YES;
				CLANG_WARN_SUSPICIOUS_MOVE = YES;
				CLANG_WARN_UNGUARDED_AVAILABILITY = YES_AGGRESSIVE;
				CLANG_WARN_UNREACHABLE_CODE = YES;
				CLANG_WARN__DUPLICATE_METHOD_MATCH = YES;
				COPY_PHASE_STRIP = NO;
				CURRENT_PROJECT_VERSION = 1;
				DEBUG_INFORMATION_FORMAT = "dwarf-with-dsym";
				ENABLE_NS_ASSERTIONS = NO;
				ENABLE_STRICT_OBJC_MSGSEND = YES;
				GCC_C_LANGUAGE_STANDARD = gnu11;
				GCC_NO_COMMON_BLOCKS = YES;
				GCC_WARN_64_TO_32_BIT_CONVERSION = YES;
				GCC_WARN_ABOUT_RETURN_TYPE = YES_ERROR;
				GCC_WARN_UNDECLARED_SELECTOR = YES;
				GCC_WARN_UNINITIALIZED_AUTOS = YES_AGGRESSIVE;
				GCC_WARN_UNUSED_FUNCTION = YES;
				GCC_WARN_UNUSED_VARIABLE = YES;
				HEADER_SEARCH_PATHS = "$(PROJECT_DIR)/BFLDAP/libs/**";
				IPHONEOS_DEPLOYMENT_TARGET = 16.2;
				MTL_ENABLE_DEBUG_INFO = NO;
				MTL_FAST_MATH = YES;
				SDKROOT = iphoneos;
				SWIFT_COMPILATION_MODE = wholemodule;
				SWIFT_OPTIMIZATION_LEVEL = "-O";
				VALIDATE_PRODUCT = YES;
				VERSIONING_SYSTEM = "apple-generic";
				VERSION_INFO_PREFIX = "";
			};
			name = Release;
		};
		95FABED52AA741A6007EAD2C /* Debug */ = {
			isa = XCBuildConfiguration;
			buildSettings = {
				CLANG_ENABLE_MODULES = YES;
				CODE_SIGN_STYLE = Manual;
				CURRENT_PROJECT_VERSION = 1;
				DEFINES_MODULE = YES;
				DEVELOPMENT_TEAM = "";
				DYLIB_COMPATIBILITY_VERSION = 1;
				DYLIB_CURRENT_VERSION = 1;
				DYLIB_INSTALL_NAME_BASE = "@rpath";
				ENABLE_BITCODE = YES;
				FRAMEWORK_SEARCH_PATHS = (
					"$(inherited)",
					"$(PROJECT_DIR)/iOSPerfectLDAP/libs",
				);
				GENERATE_INFOPLIST_FILE = YES;
				HEADER_SEARCH_PATHS = "$(PROJECT_DIR)/iOSPerfectLDAP/libs/**";
				INFOPLIST_KEY_NSHumanReadableCopyright = "";
				INSTALL_PATH = "$(LOCAL_LIBRARY_DIR)/Frameworks";
				IPHONEOS_DEPLOYMENT_TARGET = 13.0;
				LD_RUNPATH_SEARCH_PATHS = (
					"$(inherited)",
					"@executable_path/Frameworks",
					"@loader_path/Frameworks",
				);
				MARKETING_VERSION = 1.0;
				PRODUCT_BUNDLE_IDENTIFIER = com.bf.lib.iOSPerfectLDAP;
				PRODUCT_NAME = "$(TARGET_NAME:c99extidentifier)";
				PROVISIONING_PROFILE_SPECIFIER = "";
				SKIP_INSTALL = YES;
				SWIFT_EMIT_LOC_STRINGS = YES;
				SWIFT_OPTIMIZATION_LEVEL = "-Onone";
				SWIFT_VERSION = 5.0;
				TARGETED_DEVICE_FAMILY = "1,2";
			};
			name = Debug;
		};
		95FABED62AA741A6007EAD2C /* Release */ = {
			isa = XCBuildConfiguration;
			buildSettings = {
				CLANG_ENABLE_MODULES = YES;
				CODE_SIGN_STYLE = Manual;
				CURRENT_PROJECT_VERSION = 1;
				DEFINES_MODULE = YES;
				DEVELOPMENT_TEAM = "";
				DYLIB_COMPATIBILITY_VERSION = 1;
				DYLIB_CURRENT_VERSION = 1;
				DYLIB_INSTALL_NAME_BASE = "@rpath";
				ENABLE_BITCODE = YES;
				FRAMEWORK_SEARCH_PATHS = (
					"$(inherited)",
					"$(PROJECT_DIR)/iOSPerfectLDAP/libs",
				);
				GENERATE_INFOPLIST_FILE = YES;
				HEADER_SEARCH_PATHS = "$(PROJECT_DIR)/iOSPerfectLDAP/libs/**";
				INFOPLIST_KEY_NSHumanReadableCopyright = "";
				INSTALL_PATH = "$(LOCAL_LIBRARY_DIR)/Frameworks";
				IPHONEOS_DEPLOYMENT_TARGET = 13.0;
				LD_RUNPATH_SEARCH_PATHS = (
					"$(inherited)",
					"@executable_path/Frameworks",
					"@loader_path/Frameworks",
				);
				MARKETING_VERSION = 1.0;
				PRODUCT_BUNDLE_IDENTIFIER = com.bf.lib.iOSPerfectLDAP;
				PRODUCT_NAME = "$(TARGET_NAME:c99extidentifier)";
				PROVISIONING_PROFILE_SPECIFIER = "";
				SKIP_INSTALL = YES;
				SWIFT_EMIT_LOC_STRINGS = YES;
				SWIFT_VERSION = 5.0;
				TARGETED_DEVICE_FAMILY = "1,2";
			};
			name = Release;
		};
/* End XCBuildConfiguration section */

/* Begin XCConfigurationList section */
		95FABEC72AA741A6007EAD2C /* Build configuration list for PBXProject "BFLDAP" */ = {
			isa = XCConfigurationList;
			buildConfigurations = (
				95FABED22AA741A6007EAD2C /* Debug */,
				95FABED32AA741A6007EAD2C /* Release */,
			);
			defaultConfigurationIsVisible = 0;
			defaultConfigurationName = Release;
		};
		95FABED42AA741A6007EAD2C /* Build configuration list for PBXNativeTarget "BFLDAP" */ = {
			isa = XCConfigurationList;
			buildConfigurations = (
				95FABED52AA741A6007EAD2C /* Debug */,
				95FABED62AA741A6007EAD2C /* Release */,
			);
			defaultConfigurationIsVisible = 0;
			defaultConfigurationName = Release;
		};
/* End XCConfigurationList section */
	};
	rootObject = 95FABEC42AA741A6007EAD2C /* Project object */;
}
